{
  "nodes": {
    "home-manager": {
      "inputs": {
        "nixpkgs": [
          "nixpkgs"
        ]
      },
      "locked": {
        "lastModified": 1791569574,
        "narHash": "sha256-5sViLmjhTCtBTvhjSXXvd5LDrAFMydFFKZQisjE8Vds=",
        "owner": "nix-community",
        "repo": "home-manager",
        "rev": "6b88c12cc6d234de4888f5d21076fb11199d0844",
        "type": "github"
      },
      "original": {
        "owner": "nix-community",
        "ref": "master",
        "repo": "home-manager",
        "type": "github"
      }
    },
    "nix-darwin": {
      "inputs": {
        "nixpkgs": [
          "nixpkgs"
        ]
      },
      "locked": {
        "lastModified": 1786845137,
        "narHash": "sha256-oQFip+v0luP8NIxJzmiW4Wu8bILsbFWom5l0zonl8hQ=",
        "owner": "nix-darwin",
        "repo": "nix-darwin",
        "rev": "4cff07de74b50e64bdd68cd4e722ab5b6b35ee48",
        "type": "github"
      },
      "original": {
        "owner": "nix-darwin",
        "ref": "master",
        "repo": "nix-darwin",
        "type": "github"
      }
    },
    "nixpkgs": {
      "locked": {
        "lastModified": 1791366222,
        "narHash": "sha256-o0N4g6uSOIppU7CGToNvGlMf5vC+B6O6ukFHKY/TKOY=",
        "owner": "NixOS",
        "repo": "nixpkgs",
        "rev": "39ad350a0602fa0a58a544344e3e9187526ea45c",
        "type": "github"
      },
      "original": {
        "owner": "NixOS",
        "ref": "nixpkgs-unstable",
        "repo": "nixpkgs",
        "type": "github"
      }
    },
    "nixpkgs-agents": {
      "locked": {
        "lastModified": 1791366222,
        "narHash": "sha256-o0N4g6uSOIppU7CGToNvGlMf5vC+B6O6ukFHKY/TKOY=",
        "owner": "NixOS",
        "repo": "nixpkgs",
        "rev": "39ad350a0602fa0a58a544344e3e9187526ea45c",
        "type": "github"
      },
      "original": {
        "owner": "NixOS",
        "ref": "nixpkgs-unstable",
        "repo": "nixpkgs",
        "type": "github"
      }
    },
    "openspec": {
      "inputs": {
        "nixpkgs": [
          "nixpkgs"
        ]
      },
      "locked": {
        "lastModified": 1791246094,
        "narHash": "sha256-FUGxAvuptFlZ8rsBVv9jlSxhXb3MCtcPB1KpXtMu1bQ=",
        "owner": "Fission-AI",
        "repo": "OpenSpec",
        "rev": "9111a7654d7800391459431fff4eaf66e33a3d2e",
        "type": "github"
      },
      "original": {
        "owner": "Fission-AI",
        "repo": "OpenSpec",
        "type": "github"
      }
    },
    "root": {
      "inputs": {
        "home-manager": "home-manager",
        "nix-darwin": "nix-darwin",
        "nixpkgs": "nixpkgs",
        "nixpkgs-agents": "nixpkgs-agents",
        "openspec": "openspec",
        "skills-herdr": "skills-herdr",
        "skills-mattpocock": "skills-mattpocock",
        "skills-skippednote": "skills-skippednote"
      }
    },
    "skills-herdr": {
      "flake": false,
      "locked": {
        "lastModified": 1790708764,
        "narHash": "sha256-uu452Xe23pSvFk7w7fKPjiaqY5QenUIljao2SFAxpc0=",
        "owner": "herdrdev",
        "repo": "herdr",
        "rev": "7b116c05bfda646af39d2524c54e70c751f57ee8",
        "type": "github"
      },
      "original": {
        "owner": "herdrdev",
        "ref": "v0.9.3",
        "repo": "herdr",
        "type": "github"
      }
    },
    "skills-mattpocock": {
      "flake": false,
      "locked": {
        "lastModified": 1791118085,
        "narHash": "sha256-/mAmj7QFdyOWhLmy3Rt2/Hfsh5qwirTRax7hmQffFdo=",
        "owner": "mattpocock",
        "repo": "skills",
        "rev": "24fe0ef7737efae15c87225755e9f6f5965e4888",
        "type": "github"
      },
      "original": {
        "owner": "mattpocock",
        "ref": "v1.3.1",
        "repo": "skills",
        "type": "github"
      }
    },
    "skills-skippednote": {
      "flake": false,
      "locked": {
        "lastModified": 1791437269,
        "narHash": "sha256-RSnO0ra1VUGk8+zWTLIFEcFrjcDBkO/mILGydO7ibSc=",
        "owner": "skippednote",
        "repo": "skills",
        "rev": "4d09b16603005fa6be7240ab5bd767c5914c8396",
        "type": "github"
      },
      "original": {
        "owner": "skippednote",
        "repo": "skills",
        "type": "github"
      }
    }
  },
  "root": "root",
  "version": 7
}
