{
  "nodes": {
    "home-manager": {
      "inputs": {
        "nixpkgs": [
          "nixpkgs"
        ]
      },
      "locked": {
        "lastModified": 1790365885,
        "narHash": "sha256-iQ0ebhiVo64NktTnwft9hNxlFu4j5cvljVxyJaEVIP4=",
        "owner": "nix-community",
        "repo": "home-manager",
        "rev": "7b4c5ec4bedaf1e062bbc1bcaeddbc6bd242aa1b",
        "type": "github"
      },
      "original": {
        "owner": "nix-community",
        "ref": "master",
        "repo": "home-manager",
        "type": "github"
      }
    },
    "nix-darwin": {
      "inputs": {
        "nixpkgs": [
          "nixpkgs"
        ]
      },
      "locked": {
        "lastModified": 1786845137,
        "narHash": "sha256-oQFip+v0luP8NIxJzmiW4Wu8bILsbFWom5l0zonl8hQ=",
        "owner": "nix-darwin",
        "repo": "nix-darwin",
        "rev": "4cff07de74b50e64bdd68cd4e722ab5b6b35ee48",
        "type": "github"
      },
      "original": {
        "owner": "nix-darwin",
        "ref": "master",
        "repo": "nix-darwin",
        "type": "github"
      }
    },
    "nixpkgs": {
      "locked": {
        "lastModified": 1790448801,
        "narHash": "sha256-nAq6wML4elZMHNi/29VVZSEnptPMSo9JwhacZnLVPZU=",
        "owner": "NixOS",
        "repo": "nixpkgs",
        "rev": "f9bce96a417afbb9c64725f8727e42efafeafc21",
        "type": "github"
      },
      "original": {
        "owner": "NixOS",
        "ref": "nixpkgs-unstable",
        "repo": "nixpkgs",
        "type": "github"
      }
    },
    "nixpkgs-agents": {
      "locked": {
        "lastModified": 1790448801,
        "narHash": "sha256-nAq6wML4elZMHNi/29VVZSEnptPMSo9JwhacZnLVPZU=",
        "owner": "NixOS",
        "repo": "nixpkgs",
        "rev": "f9bce96a417afbb9c64725f8727e42efafeafc21",
        "type": "github"
      },
      "original": {
        "owner": "NixOS",
        "ref": "nixpkgs-unstable",
        "repo": "nixpkgs",
        "type": "github"
      }
    },
    "openspec": {
      "inputs": {
        "nixpkgs": [
          "nixpkgs"
        ]
      },
      "locked": {
        "lastModified": 1790356344,
        "narHash": "sha256-pyCj5UAMRUmFC9aJPoS0uwLLtR2lUPavgNIMgyofA5o=",
        "owner": "Fission-AI",
        "repo": "OpenSpec",
        "rev": "79b6aa9c98f1e36795b2bc4ef2a8f770c6d3a777",
        "type": "github"
      },
      "original": {
        "owner": "Fission-AI",
        "repo": "OpenSpec",
        "type": "github"
      }
    },
    "root": {
      "inputs": {
        "home-manager": "home-manager",
        "nix-darwin": "nix-darwin",
        "nixpkgs": "nixpkgs",
        "nixpkgs-agents": "nixpkgs-agents",
        "openspec": "openspec"
      }
    }
  },
  "root": "root",
  "version": 7
}
