# Generated by 'make packages-lock'. Commit changes to this file
# alongside the change that caused them.

[skippedbook packages]
age
atuin
awscli2
bat
bottom
claude-code
cloudflared
delta
fd
ffmpeg
fluxcd
fzf
gh
gitleaks
go
lsd
mise
nodejs
pnpm
restic
ripgrep
rustc
sops
starship
zoxide
zsh-autosuggestions

[skippedbook brews]
batt

[skippedbook casks]
1password
lm-studio
orbstack
tailscale-app

[skippedbook masApps]

[skippednote packages]
1password-cli
ansible-core
atuin
aws-sam-cli
aws-vault
awscli2
bat
bottom
bun
cargo
cargo-binstall
claude-code
cloudflared
codex
dbmate
ddev
delta
doggo
du-dust
fd
fzf
gh
glow
go
golangci-lint
grpcurl
harlequin
herdr
k6
k9s
kubernetes-helm
lazygit
lsd
markitdown
maven
mise
neovim
nodejs
pi-coding-agent
pnpm
poetry
protobuf
python3
ripgrep
rtk
ruff
rustc
sops
sshpass
starship
terraform
tokei
upsun
uv
wrangler
xcodegen
xh
yt-dlp
zola
zoxide
zsh-autosuggestions

[skippednote brews]
mas

[skippednote casks]
1password
chatgpt
claude
cleanshot
cmux
google-chrome
granola
grok-bot
insta360-link-controller
logi-options+
microsoft-teams
notion-calendar
orbstack
raycast
rectangle
slack
tailscale-app
whatsapp
wispr-flow
zed
zoom

[skippednote masApps]
Developer
WireGuard

