# Generated by 'make packages-lock'. Commit changes to this file
# alongside the change that caused them.

[skippedbook]
age
atuin
awscli2
bat
bottom
claude-code
cloudflared
delta
fd
ffmpeg
fluxcd
fzf
gh
gitleaks
go
lsd
mise
nodejs
pnpm
restic
ripgrep
rustc
sops
starship
zoxide
zsh-autosuggestions

[skippednote]
1password-cli
ansible-core
atuin
aws-sam-cli
aws-vault
awscli2
bat
bottom
bun
cargo
cargo-binstall
claude-code
cloudflared
codex
dbmate
ddev
delta
doggo
du-dust
fd
fzf
gh
glow
go
golangci-lint
harlequin
herdr
k6
k9s
kubernetes-helm
lazygit
lsd
markitdown
maven
mise
neovim
nodejs
pi-coding-agent
pnpm
poetry
protobuf
python3-3.14.7-env
ripgrep
rtk
ruff
rustc
sops
sshpass
starship
terraform
tokei
upsun
uv
wrangler
xcodegen
xh
yt-dlp
zola
zoxide
zsh-autosuggestions

